<?xml version="1.0" encoding="utf-8"?>
<Project ToolsVersion="4.0" xmlns="http://schemas.microsoft.com/developer/msbuild/2003">
  <ItemGroup>
    <Filter Include="Source Files">
      <UniqueIdentifier>{4FC737F1-C7A5-4376-A066-2A32D752A2FF}</UniqueIdentifier>
      <Extensions>cpp;c;cc;cxx;def;odl;idl;hpj;bat;asm;asmx</Extensions>
    </Filter>
    <Filter Include="Header Files">
      <UniqueIdentifier>{93995380-89BD-4b04-88EB-625FBE52EBFB}</UniqueIdentifier>
      <Extensions>h;hpp;hxx;hm;inl;inc;xsd</Extensions>
    </Filter>
    <Filter Include="Resource Files">
      <UniqueIdentifier>{67DA6AB6-F800-4c08-8B7A-83BB121AAD01}</UniqueIdentifier>
      <Extensions>rc;ico;cur;bmp;dlg;rc2;rct;bin;rgs;gif;jpg;jpeg;jpe;resx;tiff;tif;png;wav;mfcribbon-ms</Extensions>
    </Filter>
    <Filter Include="Renderer">
      <UniqueIdentifier>{2a60e56f-7e27-445c-adb8-5302dac43fb5}</UniqueIdentifier>
    </Filter>
    <Filter Include="Renderer\OpenGLRenderer">
      <UniqueIdentifier>{7acc1723-a1c5-41e8-aec2-2dfeae3c5034}</UniqueIdentifier>
    </Filter>
    <Filter Include="Renderer\AbstractRenderer">
      <UniqueIdentifier>{4c7425e4-4386-449f-a824-1da48af77c14}</UniqueIdentifier>
    </Filter>
    <Filter Include="7z">
      <UniqueIdentifier>{d943ce5f-7098-4d51-bd9f-4ab94ab89703}</UniqueIdentifier>
    </Filter>
  </ItemGroup>
  <ItemGroup>
    <ClCompile Include="..\..\src\Animation.cpp">
      <Filter>Source Files</Filter>
    </ClCompile>
    <ClCompile Include="..\..\src\Bonus.cpp">
      <Filter>Source Files</Filter>
    </ClCompile>
    <ClCompile Include="..\..\src\Enemy.cpp">
      <Filter>Source Files</Filter>
    </ClCompile>
    <ClCompile Include="..\..\src\Game.cpp">
      <Filter>Source Files</Filter>
    </ClCompile>
    <ClCompile Include="..\..\src\main.cpp">
      <Filter>Source Files</Filter>
    </ClCompile>
    <ClCompile Include="..\..\src\Map.cpp">
      <Filter>Source Files</Filter>
    </ClCompile>
    <ClCompile Include="..\..\src\Menu.cpp">
      <Filter>Source Files</Filter>
    </ClCompile>
    <ClCompile Include="..\..\src\Player.cpp">
      <Filter>Source Files</Filter>
    </ClCompile>
    <ClCompile Include="..\..\src\Tank.cpp">
      <Filter>Source Files</Filter>
    </ClCompile>
    <ClCompile Include="..\..\src\Timer.cpp">
      <Filter>Source Files</Filter>
    </ClCompile>
    <ClCompile Include="..\..\src\Window.cpp">
      <Filter>Source Files</Filter>
    </ClCompile>
    <ClCompile Include="..\..\src\OGLVideoDriver.cpp">
      <Filter>Renderer\OpenGLRenderer</Filter>
    </ClCompile>
    <ClCompile Include="..\..\src\OGLRenderList.cpp">
      <Filter>Renderer\OpenGLRenderer</Filter>
    </ClCompile>
    <ClCompile Include="..\..\src\OGLTexture.cpp">
      <Filter>Renderer\OpenGLRenderer</Filter>
    </ClCompile>
    <ClCompile Include="..\..\src\7z\7zAlloc.c">
      <Filter>7z</Filter>
    </ClCompile>
    <ClCompile Include="..\..\src\7z\7zBuf.c">
      <Filter>7z</Filter>
    </ClCompile>
    <ClCompile Include="..\..\src\7z\7zBuf2.c">
      <Filter>7z</Filter>
    </ClCompile>
    <ClCompile Include="..\..\src\7z\7zCrc.c">
      <Filter>7z</Filter>
    </ClCompile>
    <ClCompile Include="..\..\src\7z\7zCrcOpt.c">
      <Filter>7z</Filter>
    </ClCompile>
    <ClCompile Include="..\..\src\7z\7zDec.c">
      <Filter>7z</Filter>
    </ClCompile>
    <ClCompile Include="..\..\src\7z\7zFile.c">
      <Filter>7z</Filter>
    </ClCompile>
    <ClCompile Include="..\..\src\7z\7zIn.c">
      <Filter>7z</Filter>
    </ClCompile>
    <ClCompile Include="..\..\src\7z\7zStream.c">
      <Filter>7z</Filter>
    </ClCompile>
    <ClCompile Include="..\..\src\7z\Alloc.c">
      <Filter>7z</Filter>
    </ClCompile>
    <ClCompile Include="..\..\src\7z\Bcj2.c">
      <Filter>7z</Filter>
    </ClCompile>
    <ClCompile Include="..\..\src\7z\Bra.c">
      <Filter>7z</Filter>
    </ClCompile>
    <ClCompile Include="..\..\src\7z\Bra86.c">
      <Filter>7z</Filter>
    </ClCompile>
    <ClCompile Include="..\..\src\7z\BraIA64.c">
      <Filter>7z</Filter>
    </ClCompile>
    <ClCompile Include="..\..\src\7z\CpuArch.c">
      <Filter>7z</Filter>
    </ClCompile>
    <ClCompile Include="..\..\src\7z\Delta.c">
      <Filter>7z</Filter>
    </ClCompile>
    <ClCompile Include="..\..\src\7z\LzFind.c">
      <Filter>7z</Filter>
    </ClCompile>
    <ClCompile Include="..\..\src\7z\LzFindMt.c">
      <Filter>7z</Filter>
    </ClCompile>
    <ClCompile Include="..\..\src\7z\Lzma2Dec.c">
      <Filter>7z</Filter>
    </ClCompile>
    <ClCompile Include="..\..\src\7z\Lzma2Enc.c">
      <Filter>7z</Filter>
    </ClCompile>
    <ClCompile Include="..\..\src\7z\Lzma86Dec.c">
      <Filter>7z</Filter>
    </ClCompile>
    <ClCompile Include="..\..\src\7z\Lzma86Enc.c">
      <Filter>7z</Filter>
    </ClCompile>
    <ClCompile Include="..\..\src\7z\LzmaDec.c">
      <Filter>7z</Filter>
    </ClCompile>
    <ClCompile Include="..\..\src\7z\LzmaEnc.c">
      <Filter>7z</Filter>
    </ClCompile>
    <ClCompile Include="..\..\src\7z\LzmaLib.c">
      <Filter>7z</Filter>
    </ClCompile>
    <ClCompile Include="..\..\src\7z\MtCoder.c">
      <Filter>7z</Filter>
    </ClCompile>
    <ClCompile Include="..\..\src\7z\Ppmd7.c">
      <Filter>7z</Filter>
    </ClCompile>
    <ClCompile Include="..\..\src\7z\Ppmd7Dec.c">
      <Filter>7z</Filter>
    </ClCompile>
    <ClCompile Include="..\..\src\7z\Ppmd7Enc.c">
      <Filter>7z</Filter>
    </ClCompile>
    <ClCompile Include="..\..\src\7z\Sha256.c">
      <Filter>7z</Filter>
    </ClCompile>
    <ClCompile Include="..\..\src\7z\Threads.c">
      <Filter>7z</Filter>
    </ClCompile>
    <ClCompile Include="..\..\src\7z\Xz.c">
      <Filter>7z</Filter>
    </ClCompile>
    <ClCompile Include="..\..\src\7z\XzCrc64.c">
      <Filter>7z</Filter>
    </ClCompile>
    <ClCompile Include="..\..\src\7z\XzDec.c">
      <Filter>7z</Filter>
    </ClCompile>
    <ClCompile Include="..\..\src\7z\XzEnc.c">
      <Filter>7z</Filter>
    </ClCompile>
    <ClCompile Include="..\..\src\7z\XzIn.c">
      <Filter>7z</Filter>
    </ClCompile>
    <ClCompile Include="..\..\src\LevelPack.cpp">
      <Filter>Source Files</Filter>
    </ClCompile>
    <ClCompile Include="..\..\src\SoundManager.cpp">
      <Filter>Source Files</Filter>
    </ClCompile>
    <ClCompile Include="..\..\src\Config.cpp">
      <Filter>Source Files</Filter>
    </ClCompile>
  </ItemGroup>
  <ItemGroup>
    <ClInclude Include="..\..\src\Animation.h">
      <Filter>Header Files</Filter>
    </ClInclude>
    <ClInclude Include="..\..\src\Bonus.h">
      <Filter>Header Files</Filter>
    </ClInclude>
    <ClInclude Include="..\..\src\Enemy.h">
      <Filter>Header Files</Filter>
    </ClInclude>
    <ClInclude Include="..\..\src\Game.h">
      <Filter>Header Files</Filter>
    </ClInclude>
    <ClInclude Include="..\..\src\Keyboard.h">
      <Filter>Header Files</Filter>
    </ClInclude>
    <ClInclude Include="..\..\src\List.h">
      <Filter>Header Files</Filter>
    </ClInclude>
    <ClInclude Include="..\..\src\Map.h">
      <Filter>Header Files</Filter>
    </ClInclude>
    <ClInclude Include="..\..\src\Menu.h">
      <Filter>Header Files</Filter>
    </ClInclude>
    <ClInclude Include="..\..\src\Player.h">
      <Filter>Header Files</Filter>
    </ClInclude>
    <ClInclude Include="..\..\src\Singleton.h">
      <Filter>Header Files</Filter>
    </ClInclude>
    <ClInclude Include="..\..\src\Tank.h">
      <Filter>Header Files</Filter>
    </ClInclude>
    <ClInclude Include="..\..\src\Timer.h">
      <Filter>Header Files</Filter>
    </ClInclude>
    <ClInclude Include="..\..\src\Types.h">
      <Filter>Header Files</Filter>
    </ClInclude>
    <ClInclude Include="..\..\src\Window.h">
      <Filter>Header Files</Filter>
    </ClInclude>
    <ClInclude Include="..\..\src\OGLVideoDriver.h">
      <Filter>Renderer\OpenGLRenderer</Filter>
    </ClInclude>
    <ClInclude Include="..\..\src\OGLRenderList.h">
      <Filter>Renderer\OpenGLRenderer</Filter>
    </ClInclude>
    <ClInclude Include="..\..\src\OGLTexture.h">
      <Filter>Renderer\OpenGLRenderer</Filter>
    </ClInclude>
    <ClInclude Include="..\..\src\RenderList.h">
      <Filter>Renderer\AbstractRenderer</Filter>
    </ClInclude>
    <ClInclude Include="..\..\src\VideoDriver.h">
      <Filter>Renderer\AbstractRenderer</Filter>
    </ClInclude>
    <ClInclude Include="..\..\src\Texture.h">
      <Filter>Renderer\AbstractRenderer</Filter>
    </ClInclude>
    <ClInclude Include="..\..\src\7z\7z.h">
      <Filter>7z</Filter>
    </ClInclude>
    <ClInclude Include="..\..\src\7z\7zAlloc.h">
      <Filter>7z</Filter>
    </ClInclude>
    <ClInclude Include="..\..\src\7z\7zBuf.h">
      <Filter>7z</Filter>
    </ClInclude>
    <ClInclude Include="..\..\src\7z\7zCrc.h">
      <Filter>7z</Filter>
    </ClInclude>
    <ClInclude Include="..\..\src\7z\7zFile.h">
      <Filter>7z</Filter>
    </ClInclude>
    <ClInclude Include="..\..\src\7z\7zVersion.h">
      <Filter>7z</Filter>
    </ClInclude>
    <ClInclude Include="..\..\src\7z\Alloc.h">
      <Filter>7z</Filter>
    </ClInclude>
    <ClInclude Include="..\..\src\7z\Bcj2.h">
      <Filter>7z</Filter>
    </ClInclude>
    <ClInclude Include="..\..\src\7z\Bra.h">
      <Filter>7z</Filter>
    </ClInclude>
    <ClInclude Include="..\..\src\7z\CpuArch.h">
      <Filter>7z</Filter>
    </ClInclude>
    <ClInclude Include="..\..\src\7z\Delta.h">
      <Filter>7z</Filter>
    </ClInclude>
    <ClInclude Include="..\..\src\7z\LzFind.h">
      <Filter>7z</Filter>
    </ClInclude>
    <ClInclude Include="..\..\src\7z\LzFindMt.h">
      <Filter>7z</Filter>
    </ClInclude>
    <ClInclude Include="..\..\src\7z\LzHash.h">
      <Filter>7z</Filter>
    </ClInclude>
    <ClInclude Include="..\..\src\7z\Lzma2Dec.h">
      <Filter>7z</Filter>
    </ClInclude>
    <ClInclude Include="..\..\src\7z\Lzma2Enc.h">
      <Filter>7z</Filter>
    </ClInclude>
    <ClInclude Include="..\..\src\7z\Lzma86.h">
      <Filter>7z</Filter>
    </ClInclude>
    <ClInclude Include="..\..\src\7z\LzmaDec.h">
      <Filter>7z</Filter>
    </ClInclude>
    <ClInclude Include="..\..\src\7z\LzmaEnc.h">
      <Filter>7z</Filter>
    </ClInclude>
    <ClInclude Include="..\..\src\7z\LzmaLib.h">
      <Filter>7z</Filter>
    </ClInclude>
    <ClInclude Include="..\..\src\7z\MtCoder.h">
      <Filter>7z</Filter>
    </ClInclude>
    <ClInclude Include="..\..\src\7z\Ppmd.h">
      <Filter>7z</Filter>
    </ClInclude>
    <ClInclude Include="..\..\src\7z\Ppmd7.h">
      <Filter>7z</Filter>
    </ClInclude>
    <ClInclude Include="..\..\src\7z\RotateDefs.h">
      <Filter>7z</Filter>
    </ClInclude>
    <ClInclude Include="..\..\src\7z\Sha256.h">
      <Filter>7z</Filter>
    </ClInclude>
    <ClInclude Include="..\..\src\7z\Threads.h">
      <Filter>7z</Filter>
    </ClInclude>
    <ClInclude Include="..\..\src\7z\Types.h">
      <Filter>7z</Filter>
    </ClInclude>
    <ClInclude Include="..\..\src\7z\Xz.h">
      <Filter>7z</Filter>
    </ClInclude>
    <ClInclude Include="..\..\src\7z\XzCrc64.h">
      <Filter>7z</Filter>
    </ClInclude>
    <ClInclude Include="..\..\src\7z\XzEnc.h">
      <Filter>7z</Filter>
    </ClInclude>
    <ClInclude Include="..\..\src\LevelPack.h">
      <Filter>Header Files</Filter>
    </ClInclude>
    <ClInclude Include="..\..\src\SoundManager.h">
      <Filter>Header Files</Filter>
    </ClInclude>
    <ClInclude Include="..\..\src\Config.h">
      <Filter>Header Files</Filter>
    </ClInclude>
  </ItemGroup>
</Project>